
Microsoft Visual Studio Solution File, Format Version 12.00
# Visual Studio 15
VisualStudioVersion = 15.0.28010.2026
MinimumVisualStudioVersion = 10.0.40219.1
Project("{FAE04EC0-301F-11D3-BF4B-00C04F79EFBC}") = "App3.Android", "App3\App3.Android\App3.Android.csproj", "{EC98C6E3-B1C1-4034-B385-76A7F350474F}"
EndProject
Project("{FAE04EC0-301F-11D3-BF4B-00C04F79EFBC}") = "App3.iOS", "App3\App3.iOS\App3.iOS.csproj", "{D0C1D8DB-E50C-4C26-B153-CB5AB08BAE71}"
EndProject
Project("{FAE04EC0-301F-11D3-BF4B-00C04F79EFBC}") = "App3", "App3\App3\App3.csproj", "{5E39BE65-77A0-47BC-9891-25658E203672}"
EndProject
Global
	GlobalSection(SolutionConfigurationPlatforms) = preSolution
		Ad-Hoc|Any CPU = Ad-Hoc|Any CPU
		Ad-Hoc|iPhone = Ad-Hoc|iPhone
		Ad-Hoc|iPhoneSimulator = Ad-Hoc|iPhoneSimulator
		AppStore|Any CPU = AppStore|Any CPU
		AppStore|iPhone = AppStore|iPhone
		AppStore|iPhoneSimulator = AppStore|iPhoneSimulator
		Debug|Any CPU = Debug|Any CPU
		Debug|iPhone = Debug|iPhone
		Debug|iPhoneSimulator = Debug|iPhoneSimulator
		Release|Any CPU = Release|Any CPU
		Release|iPhone = Release|iPhone
		Release|iPhoneSimulator = Release|iPhoneSimulator
	EndGlobalSection
	GlobalSection(ProjectConfigurationPlatforms) = postSolution
		{EC98C6E3-B1C1-4034-B385-76A7F350474F}.Ad-Hoc|Any CPU.ActiveCfg = Release|Any CPU
		{EC98C6E3-B1C1-4034-B385-76A7F350474F}.Ad-Hoc|Any CPU.Build.0 = Release|Any CPU
		{EC98C6E3-B1C1-4034-B385-76A7F350474F}.Ad-Hoc|Any CPU.Deploy.0 = Release|Any CPU
		{EC98C6E3-B1C1-4034-B385-76A7F350474F}.Ad-Hoc|iPhone.ActiveCfg = Release|Any CPU
		{EC98C6E3-B1C1-4034-B385-76A7F350474F}.Ad-Hoc|iPhone.Build.0 = Release|Any CPU
		{EC98C6E3-B1C1-4034-B385-76A7F350474F}.Ad-Hoc|iPhone.Deploy.0 = Release|Any CPU
		{EC98C6E3-B1C1-4034-B385-76A7F350474F}.Ad-Hoc|iPhoneSimulator.ActiveCfg = Release|Any CPU
		{EC98C6E3-B1C1-4034-B385-76A7F350474F}.Ad-Hoc|iPhoneSimulator.Build.0 = Release|Any CPU
		{EC98C6E3-B1C1-4034-B385-76A7F350474F}.Ad-Hoc|iPhoneSimulator.Deploy.0 = Release|Any CPU
		{EC98C6E3-B1C1-4034-B385-76A7F350474F}.AppStore|Any CPU.ActiveCfg = Release|Any CPU
		{EC98C6E3-B1C1-4034-B385-76A7F350474F}.AppStore|Any CPU.Build.0 = Release|Any CPU
		{EC98C6E3-B1C1-4034-B385-76A7F350474F}.AppStore|Any CPU.Deploy.0 = Release|Any CPU
		{EC98C6E3-B1C1-4034-B385-76A7F350474F}.AppStore|iPhone.ActiveCfg = Release|Any CPU
		{EC98C6E3-B1C1-4034-B385-76A7F350474F}.AppStore|iPhone.Build.0 = Release|Any CPU
		{EC98C6E3-B1C1-4034-B385-76A7F350474F}.AppStore|iPhone.Deploy.0 = Release|Any CPU
		{EC98C6E3-B1C1-4034-B385-76A7F350474F}.AppStore|iPhoneSimulator.ActiveCfg = Release|Any CPU
		{EC98C6E3-B1C1-4034-B385-76A7F350474F}.AppStore|iPhoneSimulator.Build.0 = Release|Any CPU
		{EC98C6E3-B1C1-4034-B385-76A7F350474F}.AppStore|iPhoneSimulator.Deploy.0 = Release|Any CPU
		{EC98C6E3-B1C1-4034-B385-76A7F350474F}.Debug|Any CPU.ActiveCfg = Debug|Any CPU
		{EC98C6E3-B1C1-4034-B385-76A7F350474F}.Debug|Any CPU.Build.0 = Debug|Any CPU
		{EC98C6E3-B1C1-4034-B385-76A7F350474F}.Debug|Any CPU.Deploy.0 = Debug|Any CPU
		{EC98C6E3-B1C1-4034-B385-76A7F350474F}.Debug|iPhone.ActiveCfg = Debug|Any CPU
		{EC98C6E3-B1C1-4034-B385-76A7F350474F}.Debug|iPhone.Build.0 = Debug|Any CPU
		{EC98C6E3-B1C1-4034-B385-76A7F350474F}.Debug|iPhone.Deploy.0 = Debug|Any CPU
		{EC98C6E3-B1C1-4034-B385-76A7F350474F}.Debug|iPhoneSimulator.ActiveCfg = Debug|Any CPU
		{EC98C6E3-B1C1-4034-B385-76A7F350474F}.Debug|iPhoneSimulator.Build.0 = Debug|Any CPU
		{EC98C6E3-B1C1-4034-B385-76A7F350474F}.Debug|iPhoneSimulator.Deploy.0 = Debug|Any CPU
		{EC98C6E3-B1C1-4034-B385-76A7F350474F}.Release|Any CPU.ActiveCfg = Release|Any CPU
		{EC98C6E3-B1C1-4034-B385-76A7F350474F}.Release|Any CPU.Build.0 = Release|Any CPU
		{EC98C6E3-B1C1-4034-B385-76A7F350474F}.Release|Any CPU.Deploy.0 = Release|Any CPU
		{EC98C6E3-B1C1-4034-B385-76A7F350474F}.Release|iPhone.ActiveCfg = Release|Any CPU
		{EC98C6E3-B1C1-4034-B385-76A7F350474F}.Release|iPhone.Build.0 = Release|Any CPU
		{EC98C6E3-B1C1-4034-B385-76A7F350474F}.Release|iPhone.Deploy.0 = Release|Any CPU
		{EC98C6E3-B1C1-4034-B385-76A7F350474F}.Release|iPhoneSimulator.ActiveCfg = Release|Any CPU
		{EC98C6E3-B1C1-4034-B385-76A7F350474F}.Release|iPhoneSimulator.Build.0 = Release|Any CPU
		{EC98C6E3-B1C1-4034-B385-76A7F350474F}.Release|iPhoneSimulator.Deploy.0 = Release|Any CPU
		{D0C1D8DB-E50C-4C26-B153-CB5AB08BAE71}.Ad-Hoc|Any CPU.ActiveCfg = Ad-Hoc|iPhone
		{D0C1D8DB-E50C-4C26-B153-CB5AB08BAE71}.Ad-Hoc|Any CPU.Build.0 = Ad-Hoc|iPhone
		{D0C1D8DB-E50C-4C26-B153-CB5AB08BAE71}.Ad-Hoc|Any CPU.Deploy.0 = Ad-Hoc|iPhone
		{D0C1D8DB-E50C-4C26-B153-CB5AB08BAE71}.Ad-Hoc|iPhone.ActiveCfg = Ad-Hoc|iPhone
		{D0C1D8DB-E50C-4C26-B153-CB5AB08BAE71}.Ad-Hoc|iPhone.Build.0 = Ad-Hoc|iPhone
		{D0C1D8DB-E50C-4C26-B153-CB5AB08BAE71}.Ad-Hoc|iPhone.Deploy.0 = Ad-Hoc|iPhone
		{D0C1D8DB-E50C-4C26-B153-CB5AB08BAE71}.Ad-Hoc|iPhoneSimulator.ActiveCfg = Ad-Hoc|iPhoneSimulator
		{D0C1D8DB-E50C-4C26-B153-CB5AB08BAE71}.Ad-Hoc|iPhoneSimulator.Build.0 = Ad-Hoc|iPhoneSimulator
		{D0C1D8DB-E50C-4C26-B153-CB5AB08BAE71}.Ad-Hoc|iPhoneSimulator.Deploy.0 = Ad-Hoc|iPhoneSimulator
		{D0C1D8DB-E50C-4C26-B153-CB5AB08BAE71}.AppStore|Any CPU.ActiveCfg = AppStore|iPhone
		{D0C1D8DB-E50C-4C26-B153-CB5AB08BAE71}.AppStore|Any CPU.Build.0 = AppStore|iPhone
		{D0C1D8DB-E50C-4C26-B153-CB5AB08BAE71}.AppStore|Any CPU.Deploy.0 = AppStore|iPhone
		{D0C1D8DB-E50C-4C26-B153-CB5AB08BAE71}.AppStore|iPhone.ActiveCfg = AppStore|iPhone
		{D0C1D8DB-E50C-4C26-B153-CB5AB08BAE71}.AppStore|iPhone.Build.0 = AppStore|iPhone
		{D0C1D8DB-E50C-4C26-B153-CB5AB08BAE71}.AppStore|iPhone.Deploy.0 = AppStore|iPhone
		{D0C1D8DB-E50C-4C26-B153-CB5AB08BAE71}.AppStore|iPhoneSimulator.ActiveCfg = AppStore|iPhoneSimulator
		{D0C1D8DB-E50C-4C26-B153-CB5AB08BAE71}.AppStore|iPhoneSimulator.Build.0 = AppStore|iPhoneSimulator
		{D0C1D8DB-E50C-4C26-B153-CB5AB08BAE71}.AppStore|iPhoneSimulator.Deploy.0 = AppStore|iPhoneSimulator
		{D0C1D8DB-E50C-4C26-B153-CB5AB08BAE71}.Debug|Any CPU.ActiveCfg = Debug|iPhoneSimulator
		{D0C1D8DB-E50C-4C26-B153-CB5AB08BAE71}.Debug|Any CPU.Build.0 = Debug|iPhoneSimulator
		{D0C1D8DB-E50C-4C26-B153-CB5AB08BAE71}.Debug|Any CPU.Deploy.0 = Debug|iPhoneSimulator
		{D0C1D8DB-E50C-4C26-B153-CB5AB08BAE71}.Debug|iPhone.ActiveCfg = Debug|iPhone
		{D0C1D8DB-E50C-4C26-B153-CB5AB08BAE71}.Debug|iPhone.Build.0 = Debug|iPhone
		{D0C1D8DB-E50C-4C26-B153-CB5AB08BAE71}.Debug|iPhone.Deploy.0 = Debug|iPhone
		{D0C1D8DB-E50C-4C26-B153-CB5AB08BAE71}.Debug|iPhoneSimulator.ActiveCfg = Debug|iPhoneSimulator
		{D0C1D8DB-E50C-4C26-B153-CB5AB08BAE71}.Debug|iPhoneSimulator.Build.0 = Debug|iPhoneSimulator
		{D0C1D8DB-E50C-4C26-B153-CB5AB08BAE71}.Debug|iPhoneSimulator.Deploy.0 = Debug|iPhoneSimulator
		{D0C1D8DB-E50C-4C26-B153-CB5AB08BAE71}.Release|Any CPU.ActiveCfg = Release|iPhone
		{D0C1D8DB-E50C-4C26-B153-CB5AB08BAE71}.Release|Any CPU.Build.0 = Release|iPhone
		{D0C1D8DB-E50C-4C26-B153-CB5AB08BAE71}.Release|Any CPU.Deploy.0 = Release|iPhone
		{D0C1D8DB-E50C-4C26-B153-CB5AB08BAE71}.Release|iPhone.ActiveCfg = Release|iPhone
		{D0C1D8DB-E50C-4C26-B153-CB5AB08BAE71}.Release|iPhone.Build.0 = Release|iPhone
		{D0C1D8DB-E50C-4C26-B153-CB5AB08BAE71}.Release|iPhone.Deploy.0 = Release|iPhone
		{D0C1D8DB-E50C-4C26-B153-CB5AB08BAE71}.Release|iPhoneSimulator.ActiveCfg = Release|iPhoneSimulator
		{D0C1D8DB-E50C-4C26-B153-CB5AB08BAE71}.Release|iPhoneSimulator.Build.0 = Release|iPhoneSimulator
		{D0C1D8DB-E50C-4C26-B153-CB5AB08BAE71}.Release|iPhoneSimulator.Deploy.0 = Release|iPhoneSimulator
		{5E39BE65-77A0-47BC-9891-25658E203672}.Ad-Hoc|Any CPU.ActiveCfg = Debug|Any CPU
		{5E39BE65-77A0-47BC-9891-25658E203672}.Ad-Hoc|Any CPU.Build.0 = Debug|Any CPU
		{5E39BE65-77A0-47BC-9891-25658E203672}.Ad-Hoc|Any CPU.Deploy.0 = Debug|Any CPU
		{5E39BE65-77A0-47BC-9891-25658E203672}.Ad-Hoc|iPhone.ActiveCfg = Debug|Any CPU
		{5E39BE65-77A0-47BC-9891-25658E203672}.Ad-Hoc|iPhone.Build.0 = Debug|Any CPU
		{5E39BE65-77A0-47BC-9891-25658E203672}.Ad-Hoc|iPhone.Deploy.0 = Debug|Any CPU
		{5E39BE65-77A0-47BC-9891-25658E203672}.Ad-Hoc|iPhoneSimulator.ActiveCfg = Debug|Any CPU
		{5E39BE65-77A0-47BC-9891-25658E203672}.Ad-Hoc|iPhoneSimulator.Build.0 = Debug|Any CPU
		{5E39BE65-77A0-47BC-9891-25658E203672}.Ad-Hoc|iPhoneSimulator.Deploy.0 = Debug|Any CPU
		{5E39BE65-77A0-47BC-9891-25658E203672}.AppStore|Any CPU.ActiveCfg = Debug|Any CPU
		{5E39BE65-77A0-47BC-9891-25658E203672}.AppStore|Any CPU.Build.0 = Debug|Any CPU
		{5E39BE65-77A0-47BC-9891-25658E203672}.AppStore|Any CPU.Deploy.0 = Debug|Any CPU
		{5E39BE65-77A0-47BC-9891-25658E203672}.AppStore|iPhone.ActiveCfg = Debug|Any CPU
		{5E39BE65-77A0-47BC-9891-25658E203672}.AppStore|iPhone.Build.0 = Debug|Any CPU
		{5E39BE65-77A0-47BC-9891-25658E203672}.AppStore|iPhone.Deploy.0 = Debug|Any CPU
		{5E39BE65-77A0-47BC-9891-25658E203672}.AppStore|iPhoneSimulator.ActiveCfg = Debug|Any CPU
		{5E39BE65-77A0-47BC-9891-25658E203672}.AppStore|iPhoneSimulator.Build.0 = Debug|Any CPU
		{5E39BE65-77A0-47BC-9891-25658E203672}.AppStore|iPhoneSimulator.Deploy.0 = Debug|Any CPU
		{5E39BE65-77A0-47BC-9891-25658E203672}.Debug|Any CPU.ActiveCfg = Debug|Any CPU
		{5E39BE65-77A0-47BC-9891-25658E203672}.Debug|Any CPU.Build.0 = Debug|Any CPU
		{5E39BE65-77A0-47BC-9891-25658E203672}.Debug|Any CPU.Deploy.0 = Debug|Any CPU
		{5E39BE65-77A0-47BC-9891-25658E203672}.Debug|iPhone.ActiveCfg = Debug|Any CPU
		{5E39BE65-77A0-47BC-9891-25658E203672}.Debug|iPhone.Build.0 = Debug|Any CPU
		{5E39BE65-77A0-47BC-9891-25658E203672}.Debug|iPhone.Deploy.0 = Debug|Any CPU
		{5E39BE65-77A0-47BC-9891-25658E203672}.Debug|iPhoneSimulator.ActiveCfg = Debug|Any CPU
		{5E39BE65-77A0-47BC-9891-25658E203672}.Debug|iPhoneSimulator.Build.0 = Debug|Any CPU
		{5E39BE65-77A0-47BC-9891-25658E203672}.Debug|iPhoneSimulator.Deploy.0 = Debug|Any CPU
		{5E39BE65-77A0-47BC-9891-25658E203672}.Release|Any CPU.ActiveCfg = Release|Any CPU
		{5E39BE65-77A0-47BC-9891-25658E203672}.Release|Any CPU.Build.0 = Release|Any CPU
		{5E39BE65-77A0-47BC-9891-25658E203672}.Release|Any CPU.Deploy.0 = Release|Any CPU
		{5E39BE65-77A0-47BC-9891-25658E203672}.Release|iPhone.ActiveCfg = Release|Any CPU
		{5E39BE65-77A0-47BC-9891-25658E203672}.Release|iPhone.Build.0 = Release|Any CPU
		{5E39BE65-77A0-47BC-9891-25658E203672}.Release|iPhone.Deploy.0 = Release|Any CPU
		{5E39BE65-77A0-47BC-9891-25658E203672}.Release|iPhoneSimulator.ActiveCfg = Release|Any CPU
		{5E39BE65-77A0-47BC-9891-25658E203672}.Release|iPhoneSimulator.Build.0 = Release|Any CPU
		{5E39BE65-77A0-47BC-9891-25658E203672}.Release|iPhoneSimulator.Deploy.0 = Release|Any CPU
	EndGlobalSection
	GlobalSection(SolutionProperties) = preSolution
		HideSolutionNode = FALSE
	EndGlobalSection
	GlobalSection(ExtensibilityGlobals) = postSolution
		SolutionGuid = {90BD8C56-13B7-47BB-AA8A-D737A14508AB}
	EndGlobalSection
EndGlobal
